<Solution>
  <Folder Name="/.github/" />
  <Folder Name="/.github/workflows/">
    <File Path=".github/workflows/workflow.yml" />
  </Folder>
  <Folder Name="/_/">
    <File Path=".editorconfig" />
    <File Path=".gitattributes" />
    <File Path=".gitignore" />
    <File Path="AGENTS.md" />
    <File Path="Directory.Build.props" />
    <File Path="Directory.Packages.props" />
    <File Path="global.json" />
    <File Path="LICENSE" />
    <File Path="README.md" />
    <File Path="spelling.exclusion.dic" />
  </Folder>
  <Folder Name="/_/samples/">
    <File Path="samples/Directory.Build.props" />
  </Folder>
  <Folder Name="/_/source/">
    <File Path="source/Directory.Build.props" />
  </Folder>
  <Folder Name="/_/tests/">
    <File Path="tests/Directory.Build.props" />
  </Folder>
  <Project Path="samples/Brows.Win32.Windows.Sample/Brows.Win32.Windows.Sample.csproj" />
  <Project Path="source/Brows.Win32.Windows/Brows.Win32.Windows.csproj" />
  <Project Path="tests/Brows.Win32.Windows.Tests/Brows.Win32.Windows.Tests.csproj" />
</Solution>
